
Microsoft Visual Studio Solution File, Format Version 12.00
# Visual Studio Version 17
VisualStudioVersion = 17.6.33829.357
MinimumVisualStudioVersion = 10.0.40219.1
Project("{FAE04EC0-301F-11D3-BF4B-00C04F79EFBC}") = "LibraryProject", "LibraryProject\LibraryProject.csproj", "{02CF6DC8-48B2-4196-AF5D-34182B3967BA}"
EndProject
Global
	GlobalSection(SolutionConfigurationPlatforms) = preSolution
		Debug|Any CPU = Debug|Any CPU
		Release|Any CPU = Release|Any CPU
	EndGlobalSection
	GlobalSection(ProjectConfigurationPlatforms) = postSolution
		{02CF6DC8-48B2-4196-AF5D-34182B3967BA}.Debug|Any CPU.ActiveCfg = Debug|Any CPU
		{02CF6DC8-48B2-4196-AF5D-34182B3967BA}.Debug|Any CPU.Build.0 = Debug|Any CPU
		{02CF6DC8-48B2-4196-AF5D-34182B3967BA}.Release|Any CPU.ActiveCfg = Release|Any CPU
		{02CF6DC8-48B2-4196-AF5D-34182B3967BA}.Release|Any CPU.Build.0 = Release|Any CPU
	EndGlobalSection
	GlobalSection(SolutionProperties) = preSolution
		HideSolutionNode = FALSE
	EndGlobalSection
	GlobalSection(ExtensibilityGlobals) = postSolution
		SolutionGuid = {8CC3D3BF-707B-4A77-BAF3-B2199059FDE4}
	EndGlobalSection
EndGlobal
